# This file is autogenerated, do not edit; changes may be undone by the next 'dep ensure'.


[[projects]]
  name = "github.com/deckarep/golang-set"
  packages = ["."]
  revision = "fc8930a5e645572ee00bf66358ed3414f3c13b90"
  version = "v1.6"

[[projects]]
  branch = "master"
  name = "github.com/libgit2/git2go"
  packages = ["."]
  revision = "dc745f54c5690276bc3bdf83f27f751295a816ff"

[[projects]]
  branch = "v2"
  name = "gopkg.in/yaml.v2"
  packages = ["."]
  revision = "eb3733d160e74a9c7e442f435eb3bea458e1d19f"

[solve-meta]
  analyzer-name = "dep"
  analyzer-version = 1
  inputs-digest = "224ec9bb8741f36861b193830a4595757d1b86417eda1810f3b74dd2d7e3f6ba"
  solver-name = "gps-cdcl"
  solver-version = 1
